
Microsoft Visual Studio Solution File, Format Version 12.00
# Visual Studio Version 16
VisualStudioVersion = 16.0.29905.134
MinimumVisualStudioVersion = 10.0.40219.1
Project("{FAE04EC0-301F-11D3-BF4B-00C04F79EFBC}") = "EmeraldsCalloutPackLSPDFR", "Emerald's Callout Pack\EmeraldsCalloutPackLSPDFR.csproj", "{B7F20F25-43B6-45BE-A34B-2C23579387AB}"
EndProject
Global
	GlobalSection(SolutionConfigurationPlatforms) = preSolution
		Debug|Any CPU = Debug|Any CPU
		Release|Any CPU = Release|Any CPU
	EndGlobalSection
	GlobalSection(ProjectConfigurationPlatforms) = postSolution
		{B7F20F25-43B6-45BE-A34B-2C23579387AB}.Debug|Any CPU.ActiveCfg = Debug|Any CPU
		{B7F20F25-43B6-45BE-A34B-2C23579387AB}.Debug|Any CPU.Build.0 = Debug|Any CPU
		{B7F20F25-43B6-45BE-A34B-2C23579387AB}.Release|Any CPU.ActiveCfg = Release|Any CPU
		{B7F20F25-43B6-45BE-A34B-2C23579387AB}.Release|Any CPU.Build.0 = Release|Any CPU
	EndGlobalSection
	GlobalSection(SolutionProperties) = preSolution
		HideSolutionNode = FALSE
	EndGlobalSection
	GlobalSection(ExtensibilityGlobals) = postSolution
		SolutionGuid = {85025486-25C0-4EC6-A6EB-A85C105D3FD0}
	EndGlobalSection
EndGlobal
